
Microsoft Visual Studio Solution File, Format Version 12.00
# Visual Studio Version 17
VisualStudioVersion = 17.6.33829.357
MinimumVisualStudioVersion = 10.0.40219.1
Project("{FAE04EC0-301F-11D3-BF4B-00C04F79EFBC}") = "InputData", "InputData\InputData.csproj", "{0E3203E9-1D64-4E28-B692-D94BA1F6B6B6}"
EndProject
Global
	GlobalSection(SolutionConfigurationPlatforms) = preSolution
		Debug|Any CPU = Debug|Any CPU
		Release|Any CPU = Release|Any CPU
	EndGlobalSection
	GlobalSection(ProjectConfigurationPlatforms) = postSolution
		{0E3203E9-1D64-4E28-B692-D94BA1F6B6B6}.Debug|Any CPU.ActiveCfg = Debug|Any CPU
		{0E3203E9-1D64-4E28-B692-D94BA1F6B6B6}.Debug|Any CPU.Build.0 = Debug|Any CPU
		{0E3203E9-1D64-4E28-B692-D94BA1F6B6B6}.Release|Any CPU.ActiveCfg = Release|Any CPU
		{0E3203E9-1D64-4E28-B692-D94BA1F6B6B6}.Release|Any CPU.Build.0 = Release|Any CPU
	EndGlobalSection
	GlobalSection(SolutionProperties) = preSolution
		HideSolutionNode = FALSE
	EndGlobalSection
	GlobalSection(ExtensibilityGlobals) = postSolution
		SolutionGuid = {19FD4D6B-B5EE-4478-B2F4-ABDA0BCB9670}
	EndGlobalSection
EndGlobal
